// !$*UTF8*$!
{
	archiveVersion = 1;
	classes = {
	};
	objectVersion = 48;
	objects = {

/* Begin PBXBuildFile section */
		4902E1542044DA5B00A9420D /* AppDelegate.swift in Sources */ = {isa = PBXBuildFile; fileRef = 4902E1532044DA5B00A9420D /* AppDelegate.swift */; };
		4902E1562044DA5B00A9420D /* ViewController.swift in Sources */ = {isa = PBXBuildFile; fileRef = 4902E1552044DA5B00A9420D /* ViewController.swift */; };
		4902E1592044DA5B00A9420D /* Main.storyboard in Resources */ = {isa = PBXBuildFile; fileRef = 4902E1572044DA5B00A9420D /* Main.storyboard */; };
		4902E15B2044DA5B00A9420D /* Assets.xcassets in Resources */ = {isa = PBXBuildFile; fileRef = 4902E15A2044DA5B00A9420D /* Assets.xcassets */; };
		4902E15E2044DA5B00A9420D /* LaunchScreen.storyboard in Resources */ = {isa = PBXBuildFile; fileRef = 4902E15C2044DA5B00A9420D /* LaunchScreen.storyboard */; };
		4902E1662044DA8A00A9420D /* ProgressChartCircleView.swift in Sources */ = {isa = PBXBuildFile; fileRef = 4902E1652044DA8A00A9420D /* ProgressChartCircleView.swift */; };
		4902E1682044DAF300A9420D /* ProgressCircleChartModel.swift in Sources */ = {isa = PBXBuildFile; fileRef = 4902E1672044DAF300A9420D /* ProgressCircleChartModel.swift */; };
/* End PBXBuildFile section */

/* Begin PBXFileReference section */
		4902E1502044DA5B00A9420D /* ProgressChartCircleViewTest.app */ = {isa = PBXFileReference; explicitFileType = wrapper.application; includeInIndex = 0; path = ProgressChartCircleViewTest.app; sourceTree = BUILT_PRODUCTS_DIR; };
		4902E1532044DA5B00A9420D /* AppDelegate.swift */ = {isa = PBXFileReference; lastKnownFileType = sourcecode.swift; path = AppDelegate.swift; sourceTree = "<group>"; };
		4902E1552044DA5B00A9420D /* ViewController.swift */ = {isa = PBXFileReference; lastKnownFileType = sourcecode.swift; path = ViewController.swift; sourceTree = "<group>"; };
		4902E1582044DA5B00A9420D /* Base */ = {isa = PBXFileReference; lastKnownFileType = file.storyboard; name = Base; path = Base.lproj/Main.storyboard; sourceTree = "<group>"; };
		4902E15A2044DA5B00A9420D /* Assets.xcassets */ = {isa = PBXFileReference; lastKnownFileType = folder.assetcatalog; path = Assets.xcassets; sourceTree = "<group>"; };
		4902E15D2044DA5B00A9420D /* Base */ = {isa = PBXFileReference; lastKnownFileType = file.storyboard; name = Base; path = Base.lproj/LaunchScreen.storyboard; sourceTree = "<group>"; };
		4902E15F2044DA5B00A9420D /* Info.plist */ = {isa = PBXFileReference; lastKnownFileType = text.plist.xml; path = Info.plist; sourceTree = "<group>"; };
		4902E1652044DA8A00A9420D /* ProgressChartCircleView.swift */ = {isa = PBXFileReference; lastKnownFileType = sourcecode.swift; path = ProgressChartCircleView.swift; sourceTree = "<group>"; };
		4902E1672044DAF300A9420D /* ProgressCircleChartModel.swift */ = {isa = PBXFileReference; lastKnownFileType = sourcecode.swift; path = ProgressCircleChartModel.swift; sourceTree = "<group>"; };
/* End PBXFileReference section */

/* Begin PBXFrameworksBuildPhase section */
		4902E14D2044DA5B00A9420D /* Frameworks */ = {
			isa = PBXFrameworksBuildPhase;
			buildActionMask = 2147483647;
			files = (
			);
			runOnlyForDeploymentPostprocessing = 0;
		};
/* End PBXFrameworksBuildPhase section */

/* Begin PBXGroup section */
		4902E1472044DA5B00A9420D = {
			isa = PBXGroup;
			children = (
				4902E1522044DA5B00A9420D /* ProgressChartCircleViewTest */,
				4902E1512044DA5B00A9420D /* Products */,
			);
			sourceTree = "<group>";
		};
		4902E1512044DA5B00A9420D /* Products */ = {
			isa = PBXGroup;
			children = (
				4902E1502044DA5B00A9420D /* ProgressChartCircleViewTest.app */,
			);
			name = Products;
			sourceTree = "<group>";
		};
		4902E1522044DA5B00A9420D /* ProgressChartCircleViewTest */ = {
			isa = PBXGroup;
			children = (
				4902E1532044DA5B00A9420D /* AppDelegate.swift */,
				4902E1552044DA5B00A9420D /* ViewController.swift */,
				4902E1572044DA5B00A9420D /* Main.storyboard */,
				4902E15A2044DA5B00A9420D /* Assets.xcassets */,
				4902E15C2044DA5B00A9420D /* LaunchScreen.storyboard */,
				4902E15F2044DA5B00A9420D /* Info.plist */,
				4902E1652044DA8A00A9420D /* ProgressChartCircleView.swift */,
				4902E1672044DAF300A9420D /* ProgressCircleChartModel.swift */,
			);
			path = ProgressChartCircleViewTest;
			sourceTree = "<group>";
		};
/* End PBXGroup section */

/* Begin PBXNativeTarget section */
		4902E14F2044DA5B00A9420D /* ProgressChartCircleViewTest */ = {
			isa = PBXNativeTarget;
			buildConfigurationList = 4902E1622044DA5B00A9420D /* Build configuration list for PBXNativeTarget "ProgressChartCircleViewTest" */;
			buildPhases = (
				4902E14C2044DA5B00A9420D /* Sources */,
				4902E14D2044DA5B00A9420D /* Frameworks */,
				4902E14E2044DA5B00A9420D /* Resources */,
			);
			buildRules = (
			);
			dependencies = (
			);
			name = ProgressChartCircleViewTest;
			productName = ProgressChartCircleViewTest;
			productReference = 4902E1502044DA5B00A9420D /* ProgressChartCircleViewTest.app */;
			productType = "com.apple.product-type.application";
		};
/* End PBXNativeTarget section */

/* Begin PBXProject section */
		4902E1482044DA5B00A9420D /* Project object */ = {
			isa = PBXProject;
			attributes = {
				LastSwiftUpdateCheck = 0900;
				LastUpgradeCheck = 0900;
				ORGANIZATIONNAME = "Luis  Costa";
				TargetAttributes = {
					4902E14F2044DA5B00A9420D = {
						CreatedOnToolsVersion = 9.0;
						ProvisioningStyle = Automatic;
					};
				};
			};
			buildConfigurationList = 4902E14B2044DA5B00A9420D /* Build configuration list for PBXProject "ProgressChartCircleViewTest" */;
			compatibilityVersion = "Xcode 8.0";
			developmentRegion = en;
			hasScannedForEncodings = 0;
			knownRegions = (
				en,
				Base,
			);
			mainGroup = 4902E1472044DA5B00A9420D;
			productRefGroup = 4902E1512044DA5B00A9420D /* Products */;
			projectDirPath = "";
			projectRoot = "";
			targets = (
				4902E14F2044DA5B00A9420D /* ProgressChartCircleViewTest */,
			);
		};
/* End PBXProject section */

/* Begin PBXResourcesBuildPhase section */
		4902E14E2044DA5B00A9420D /* Resources */ = {
			isa = PBXResourcesBuildPhase;
			buildActionMask = 2147483647;
			files = (
				4902E15E2044DA5B00A9420D /* LaunchScreen.storyboard in Resources */,
				4902E15B2044DA5B00A9420D /* Assets.xcassets in Resources */,
				4902E1592044DA5B00A9420D /* Main.storyboard in Resources */,
			);
			runOnlyForDeploymentPostprocessing = 0;
		};
/* End PBXResourcesBuildPhase section */

/* Begin PBXSourcesBuildPhase section */
		4902E14C2044DA5B00A9420D /* Sources */ = {
			isa = PBXSourcesBuildPhase;
			buildActionMask = 2147483647;
			files = (
				4902E1662044DA8A00A9420D /* ProgressChartCircleView.swift in Sources */,
				4902E1562044DA5B00A9420D /* ViewController.swift in Sources */,
				4902E1542044DA5B00A9420D /* AppDelegate.swift in Sources */,
				4902E1682044DAF300A9420D /* ProgressCircleChartModel.swift in Sources */,
			);
			runOnlyForDeploymentPostprocessing = 0;
		};
/* End PBXSourcesBuildPhase section */

/* Begin PBXVariantGroup section */
		4902E1572044DA5B00A9420D /* Main.storyboard */ = {
			isa = PBXVariantGroup;
			children = (
				4902E1582044DA5B00A9420D /* Base */,
			);
			name = Main.storyboard;
			sourceTree = "<group>";
		};
		4902E15C2044DA5B00A9420D /* LaunchScreen.storyboard */ = {
			isa = PBXVariantGroup;
			children = (
				4902E15D2044DA5B00A9420D /* Base */,
			);
			name = LaunchScreen.storyboard;
			sourceTree = "<group>";
		};
/* End PBXVariantGroup section */

/* Begin XCBuildConfiguration section */
		4902E1602044DA5B00A9420D /* Debug */ = {
			isa = XCBuildConfiguration;
			buildSettings = {
				ALWAYS_SEARCH_USER_PATHS = NO;
				CLANG_ANALYZER_NONNULL = YES;
				CLANG_ANALYZER_NUMBER_OBJECT_CONVERSION = YES_AGGRESSIVE;
				CLANG_CXX_LANGUAGE_STANDARD = "gnu++14";
				CLANG_CXX_LIBRARY = "libc++";
				CLANG_ENABLE_MODULES = YES;
				CLANG_ENABLE_OBJC_ARC = YES;
				CLANG_WARN_BLOCK_CAPTURE_AUTORELEASING = YES;
				CLANG_WARN_BOOL_CONVERSION = YES;
				CLANG_WARN_COMMA = YES;
				CLANG_WARN_CONSTANT_CONVERSION = YES;
				CLANG_WARN_DIRECT_OBJC_ISA_USAGE = YES_ERROR;
				CLANG_WARN_DOCUMENTATION_COMMENTS = YES;
				CLANG_WARN_EMPTY_BODY = YES;
				CLANG_WARN_ENUM_CONVERSION = YES;
				CLANG_WARN_INFINITE_RECURSION = YES;
				CLANG_WARN_INT_CONVERSION = YES;
				CLANG_WARN_NON_LITERAL_NULL_CONVERSION = YES;
				CLANG_WARN_OBJC_LITERAL_CONVERSION = YES;
				CLANG_WARN_OBJC_ROOT_CLASS = YES_ERROR;
				CLANG_WARN_RANGE_LOOP_ANALYSIS = YES;
				CLANG_WARN_STRICT_PROTOTYPES = YES;
				CLANG_WARN_SUSPICIOUS_MOVE = YES;
				CLANG_WARN_UNGUARDED_AVAILABILITY = YES_AGGRESSIVE;
				CLANG_WARN_UNREACHABLE_CODE = YES;
				CLANG_WARN__DUPLICATE_METHOD_MATCH = YES;
				CODE_SIGN_IDENTITY = "iPhone Developer";
				COPY_PHASE_STRIP = NO;
				DEBUG_INFORMATION_FORMAT = dwarf;
				ENABLE_STRICT_OBJC_MSGSEND = YES;
				ENABLE_TESTABILITY = YES;
				GCC_C_LANGUAGE_STANDARD = gnu11;
				GCC_DYNAMIC_NO_PIC = NO;
				GCC_NO_COMMON_BLOCKS = YES;
				GCC_OPTIMIZATION_LEVEL = 0;
				GCC_PREPROCESSOR_DEFINITIONS = (
					"DEBUG=1",
					"$(inherited)",
				);
				GCC_WARN_64_TO_32_BIT_CONVERSION = YES;
				GCC_WARN_ABOUT_RETURN_TYPE = YES_ERROR;
				GCC_WARN_UNDECLARED_SELECTOR = YES;
				GCC_WARN_UNINITIALIZED_AUTOS = YES_AGGRESSIVE;
				GCC_WARN_UNUSED_FUNCTION = YES;
				GCC_WARN_UNUSED_VARIABLE = YES;
				IPHONEOS_DEPLOYMENT_TARGET = 11.0;
				MTL_ENABLE_DEBUG_INFO = YES;
				ONLY_ACTIVE_ARCH = YES;
				SDKROOT = iphoneos;
				SWIFT_ACTIVE_COMPILATION_CONDITIONS = DEBUG;
				SWIFT_OPTIMIZATION_LEVEL = "-Onone";
			};
			name = Debug;
		};
		4902E1612044DA5B00A9420D /* Release */ = {
			isa = XCBuildConfiguration;
			buildSettings = {
				ALWAYS_SEARCH_USER_PATHS = NO;
				CLANG_ANALYZER_NONNULL = YES;
				CLANG_ANALYZER_NUMBER_OBJECT_CONVERSION = YES_AGGRESSIVE;
				CLANG_CXX_LANGUAGE_STANDARD = "gnu++14";
				CLANG_CXX_LIBRARY = "libc++";
				CLANG_ENABLE_MODULES = YES;
				CLANG_ENABLE_OBJC_ARC = YES;
				CLANG_WARN_BLOCK_CAPTURE_AUTORELEASING = YES;
				CLANG_WARN_BOOL_CONVERSION = YES;
				CLANG_WARN_COMMA = YES;
				CLANG_WARN_CONSTANT_CONVERSION = YES;
				CLANG_WARN_DIRECT_OBJC_ISA_USAGE = YES_ERROR;
				CLANG_WARN_DOCUMENTATION_COMMENTS = YES;
				CLANG_WARN_EMPTY_BODY = YES;
				CLANG_WARN_ENUM_CONVERSION = YES;
				CLANG_WARN_INFINITE_RECURSION = YES;
				CLANG_WARN_INT_CONVERSION = YES;
				CLANG_WARN_NON_LITERAL_NULL_CONVERSION = YES;
				CLANG_WARN_OBJC_LITERAL_CONVERSION = YES;
				CLANG_WARN_OBJC_ROOT_CLASS = YES_ERROR;
				CLANG_WARN_RANGE_LOOP_ANALYSIS = YES;
				CLANG_WARN_STRICT_PROTOTYPES = YES;
				CLANG_WARN_SUSPICIOUS_MOVE = YES;
				CLANG_WARN_UNGUARDED_AVAILABILITY = YES_AGGRESSIVE;
				CLANG_WARN_UNREACHABLE_CODE = YES;
				CLANG_WARN__DUPLICATE_METHOD_MATCH = YES;
				CODE_SIGN_IDENTITY = "iPhone Developer";
				COPY_PHASE_STRIP = NO;
				DEBUG_INFORMATION_FORMAT = "dwarf-with-dsym";
				ENABLE_NS_ASSERTIONS = NO;
				ENABLE_STRICT_OBJC_MSGSEND = YES;
				GCC_C_LANGUAGE_STANDARD = gnu11;
				GCC_NO_COMMON_BLOCKS = YES;
				GCC_WARN_64_TO_32_BIT_CONVERSION = YES;
				GCC_WARN_ABOUT_RETURN_TYPE = YES_ERROR;
				GCC_WARN_UNDECLARED_SELECTOR = YES;
				GCC_WARN_UNINITIALIZED_AUTOS = YES_AGGRESSIVE;
				GCC_WARN_UNUSED_FUNCTION = YES;
				GCC_WARN_UNUSED_VARIABLE = YES;
				IPHONEOS_DEPLOYMENT_TARGET = 11.0;
				MTL_ENABLE_DEBUG_INFO = NO;
				SDKROOT = iphoneos;
				SWIFT_OPTIMIZATION_LEVEL = "-Owholemodule";
				VALIDATE_PRODUCT = YES;
			};
			name = Release;
		};
		4902E1632044DA5B00A9420D /* Debug */ = {
			isa = XCBuildConfiguration;
			buildSettings = {
				ASSETCATALOG_COMPILER_APPICON_NAME = AppIcon;
				CODE_SIGN_STYLE = Automatic;
				DEVELOPMENT_TEAM = 423W5F3JD5;
				INFOPLIST_FILE = ProgressChartCircleViewTest/Info.plist;
				LD_RUNPATH_SEARCH_PATHS = "$(inherited) @executable_path/Frameworks";
				PRODUCT_BUNDLE_IDENTIFIER = com.lmbcosta.ProgressChartCircleViewTest;
				PRODUCT_NAME = "$(TARGET_NAME)";
				SWIFT_VERSION = 4.0;
				TARGETED_DEVICE_FAMILY = "1,2";
			};
			name = Debug;
		};
		4902E1642044DA5B00A9420D /* Release */ = {
			isa = XCBuildConfiguration;
			buildSettings = {
				ASSETCATALOG_COMPILER_APPICON_NAME = AppIcon;
				CODE_SIGN_STYLE = Automatic;
				DEVELOPMENT_TEAM = 423W5F3JD5;
				INFOPLIST_FILE = ProgressChartCircleViewTest/Info.plist;
				LD_RUNPATH_SEARCH_PATHS = "$(inherited) @executable_path/Frameworks";
				PRODUCT_BUNDLE_IDENTIFIER = com.lmbcosta.ProgressChartCircleViewTest;
				PRODUCT_NAME = "$(TARGET_NAME)";
				SWIFT_VERSION = 4.0;
				TARGETED_DEVICE_FAMILY = "1,2";
			};
			name = Release;
		};
/* End XCBuildConfiguration section */

/* Begin XCConfigurationList section */
		4902E14B2044DA5B00A9420D /* Build configuration list for PBXProject "ProgressChartCircleViewTest" */ = {
			isa = XCConfigurationList;
			buildConfigurations = (
				4902E1602044DA5B00A9420D /* Debug */,
				4902E1612044DA5B00A9420D /* Release */,
			);
			defaultConfigurationIsVisible = 0;
			defaultConfigurationName = Release;
		};
		4902E1622044DA5B00A9420D /* Build configuration list for PBXNativeTarget "ProgressChartCircleViewTest" */ = {
			isa = XCConfigurationList;
			buildConfigurations = (
				4902E1632044DA5B00A9420D /* Debug */,
				4902E1642044DA5B00A9420D /* Release */,
			);
			defaultConfigurationIsVisible = 0;
			defaultConfigurationName = Release;
		};
/* End XCConfigurationList section */
	};
	rootObject = 4902E1482044DA5B00A9420D /* Project object */;
}
